// !$*UTF8*$!
{
	archiveVersion = 1;
	classes = {
	};
	objectVersion = 46;
	objects = {

/* Begin PBXBuildFile section */
		01E20CC91C5990A7009BD168 /* AppDelegate.swift in Sources */ = {isa = PBXBuildFile; fileRef = 01E20CC81C5990A7009BD168 /* AppDelegate.swift */; };
		01E20CCB1C5990A7009BD168 /* ViewController.swift in Sources */ = {isa = PBXBuildFile; fileRef = 01E20CCA1C5990A7009BD168 /* ViewController.swift */; };
		01E20CCE1C5990A7009BD168 /* Main.storyboard in Resources */ = {isa = PBXBuildFile; fileRef = 01E20CCC1C5990A7009BD168 /* Main.storyboard */; };
		01E20CD01C5990A7009BD168 /* Assets.xcassets in Resources */ = {isa = PBXBuildFile; fileRef = 01E20CCF1C5990A7009BD168 /* Assets.xcassets */; };
		01E20CD31C5990A7009BD168 /* LaunchScreen.storyboard in Resources */ = {isa = PBXBuildFile; fileRef = 01E20CD11C5990A7009BD168 /* LaunchScreen.storyboard */; };
		01E20CD81C5990A7009BD168 /* AppleWatchApp1 WatchKit App.app in Embed Watch Content */ = {isa = PBXBuildFile; fileRef = 01E20CD71C5990A7009BD168 /* AppleWatchApp1 WatchKit App.app */; };
		01E20CDE1C5990A7009BD168 /* Interface.storyboard in Resources */ = {isa = PBXBuildFile; fileRef = 01E20CDC1C5990A7009BD168 /* Interface.storyboard */; };
		01E20CE01C5990A7009BD168 /* Assets.xcassets in Resources */ = {isa = PBXBuildFile; fileRef = 01E20CDF1C5990A7009BD168 /* Assets.xcassets */; };
		01E20CE71C5990A7009BD168 /* AppleWatchApp1 WatchKit Extension.appex in Embed App Extensions */ = {isa = PBXBuildFile; fileRef = 01E20CE61C5990A7009BD168 /* AppleWatchApp1 WatchKit Extension.appex */; settings = {ATTRIBUTES = (RemoveHeadersOnCopy, ); }; };
		01E20CEE1C5990A7009BD168 /* InterfaceController.swift in Sources */ = {isa = PBXBuildFile; fileRef = 01E20CED1C5990A7009BD168 /* InterfaceController.swift */; };
		01E20CF01C5990A7009BD168 /* ExtensionDelegate.swift in Sources */ = {isa = PBXBuildFile; fileRef = 01E20CEF1C5990A7009BD168 /* ExtensionDelegate.swift */; };
		01E20CF21C5990A7009BD168 /* NotificationController.swift in Sources */ = {isa = PBXBuildFile; fileRef = 01E20CF11C5990A7009BD168 /* NotificationController.swift */; };
		01E20CF41C5990A7009BD168 /* Assets.xcassets in Resources */ = {isa = PBXBuildFile; fileRef = 01E20CF31C5990A7009BD168 /* Assets.xcassets */; };
/* End PBXBuildFile section */

/* Begin PBXContainerItemProxy section */
		01E20CD91C5990A7009BD168 /* PBXContainerItemProxy */ = {
			isa = PBXContainerItemProxy;
			containerPortal = 01E20CBD1C5990A7009BD168 /* Project object */;
			proxyType = 1;
			remoteGlobalIDString = 01E20CD61C5990A7009BD168;
			remoteInfo = "AppleWatchApp1 WatchKit App";
		};
		01E20CE81C5990A7009BD168 /* PBXContainerItemProxy */ = {
			isa = PBXContainerItemProxy;
			containerPortal = 01E20CBD1C5990A7009BD168 /* Project object */;
			proxyType = 1;
			remoteGlobalIDString = 01E20CE51C5990A7009BD168;
			remoteInfo = "AppleWatchApp1 WatchKit Extension";
		};
/* End PBXContainerItemProxy section */

/* Begin PBXCopyFilesBuildPhase section */
		01E20CFB1C5990A8009BD168 /* Embed App Extensions */ = {
			isa = PBXCopyFilesBuildPhase;
			buildActionMask = 2147483647;
			dstPath = "";
			dstSubfolderSpec = 13;
			files = (
				01E20CE71C5990A7009BD168 /* AppleWatchApp1 WatchKit Extension.appex in Embed App Extensions */,
			);
			name = "Embed App Extensions";
			runOnlyForDeploymentPostprocessing = 0;
		};
		01E20CFF1C5990A8009BD168 /* Embed Watch Content */ = {
			isa = PBXCopyFilesBuildPhase;
			buildActionMask = 2147483647;
			dstPath = "$(CONTENTS_FOLDER_PATH)/Watch";
			dstSubfolderSpec = 16;
			files = (
				01E20CD81C5990A7009BD168 /* AppleWatchApp1 WatchKit App.app in Embed Watch Content */,
			);
			name = "Embed Watch Content";
			runOnlyForDeploymentPostprocessing = 0;
		};
/* End PBXCopyFilesBuildPhase section */

/* Begin PBXFileReference section */
		01E20CC51C5990A7009BD168 /* AppleWatchApp1.app */ = {isa = PBXFileReference; explicitFileType = wrapper.application; includeInIndex = 0; path = AppleWatchApp1.app; sourceTree = BUILT_PRODUCTS_DIR; };
		01E20CC81C5990A7009BD168 /* AppDelegate.swift */ = {isa = PBXFileReference; lastKnownFileType = sourcecode.swift; path = AppDelegate.swift; sourceTree = "<group>"; };
		01E20CCA1C5990A7009BD168 /* ViewController.swift */ = {isa = PBXFileReference; lastKnownFileType = sourcecode.swift; path = ViewController.swift; sourceTree = "<group>"; };
		01E20CCD1C5990A7009BD168 /* Base */ = {isa = PBXFileReference; lastKnownFileType = file.storyboard; name = Base; path = Base.lproj/Main.storyboard; sourceTree = "<group>"; };
		01E20CCF1C5990A7009BD168 /* Assets.xcassets */ = {isa = PBXFileReference; lastKnownFileType = folder.assetcatalog; path = Assets.xcassets; sourceTree = "<group>"; };
		01E20CD21C5990A7009BD168 /* Base */ = {isa = PBXFileReference; lastKnownFileType = file.storyboard; name = Base; path = Base.lproj/LaunchScreen.storyboard; sourceTree = "<group>"; };
		01E20CD41C5990A7009BD168 /* Info.plist */ = {isa = PBXFileReference; lastKnownFileType = text.plist.xml; path = Info.plist; sourceTree = "<group>"; };
		01E20CD71C5990A7009BD168 /* AppleWatchApp1 WatchKit App.app */ = {isa = PBXFileReference; explicitFileType = wrapper.application; includeInIndex = 0; path = "AppleWatchApp1 WatchKit App.app"; sourceTree = BUILT_PRODUCTS_DIR; };
		01E20CDD1C5990A7009BD168 /* Base */ = {isa = PBXFileReference; lastKnownFileType = file.storyboard; name = Base; path = Base.lproj/Interface.storyboard; sourceTree = "<group>"; };
		01E20CDF1C5990A7009BD168 /* Assets.xcassets */ = {isa = PBXFileReference; lastKnownFileType = folder.assetcatalog; path = Assets.xcassets; sourceTree = "<group>"; };
		01E20CE11C5990A7009BD168 /* Info.plist */ = {isa = PBXFileReference; lastKnownFileType = text.plist.xml; path = Info.plist; sourceTree = "<group>"; };
		01E20CE61C5990A7009BD168 /* AppleWatchApp1 WatchKit Extension.appex */ = {isa = PBXFileReference; explicitFileType = "wrapper.app-extension"; includeInIndex = 0; path = "AppleWatchApp1 WatchKit Extension.appex"; sourceTree = BUILT_PRODUCTS_DIR; };
		01E20CEC1C5990A7009BD168 /* PushNotificationPayload.apns */ = {isa = PBXFileReference; lastKnownFileType = text; path = PushNotificationPayload.apns; sourceTree = "<group>"; };
		01E20CED1C5990A7009BD168 /* InterfaceController.swift */ = {isa = PBXFileReference; lastKnownFileType = sourcecode.swift; path = InterfaceController.swift; sourceTree = "<group>"; };
		01E20CEF1C5990A7009BD168 /* ExtensionDelegate.swift */ = {isa = PBXFileReference; lastKnownFileType = sourcecode.swift; path = ExtensionDelegate.swift; sourceTree = "<group>"; };
		01E20CF11C5990A7009BD168 /* NotificationController.swift */ = {isa = PBXFileReference; lastKnownFileType = sourcecode.swift; path = NotificationController.swift; sourceTree = "<group>"; };
		01E20CF31C5990A7009BD168 /* Assets.xcassets */ = {isa = PBXFileReference; lastKnownFileType = folder.assetcatalog; path = Assets.xcassets; sourceTree = "<group>"; };
		01E20CF51C5990A8009BD168 /* Info.plist */ = {isa = PBXFileReference; lastKnownFileType = text.plist.xml; path = Info.plist; sourceTree = "<group>"; };
/* End PBXFileReference section */

/* Begin PBXFrameworksBuildPhase section */
		01E20CC21C5990A7009BD168 /* Frameworks */ = {
			isa = PBXFrameworksBuildPhase;
			buildActionMask = 2147483647;
			files = (
			);
			runOnlyForDeploymentPostprocessing = 0;
		};
		01E20CE31C5990A7009BD168 /* Frameworks */ = {
			isa = PBXFrameworksBuildPhase;
			buildActionMask = 2147483647;
			files = (
			);
			runOnlyForDeploymentPostprocessing = 0;
		};
/* End PBXFrameworksBuildPhase section */

/* Begin PBXGroup section */
		01E20CBC1C5990A7009BD168 = {
			isa = PBXGroup;
			children = (
				01E20CC71C5990A7009BD168 /* AppleWatchApp1 */,
				01E20CDB1C5990A7009BD168 /* AppleWatchApp1 WatchKit App */,
				01E20CEA1C5990A7009BD168 /* AppleWatchApp1 WatchKit Extension */,
				01E20CC61C5990A7009BD168 /* Products */,
			);
			sourceTree = "<group>";
		};
		01E20CC61C5990A7009BD168 /* Products */ = {
			isa = PBXGroup;
			children = (
				01E20CC51C5990A7009BD168 /* AppleWatchApp1.app */,
				01E20CD71C5990A7009BD168 /* AppleWatchApp1 WatchKit App.app */,
				01E20CE61C5990A7009BD168 /* AppleWatchApp1 WatchKit Extension.appex */,
			);
			name = Products;
			sourceTree = "<group>";
		};
		01E20CC71C5990A7009BD168 /* AppleWatchApp1 */ = {
			isa = PBXGroup;
			children = (
				01E20CC81C5990A7009BD168 /* AppDelegate.swift */,
				01E20CCA1C5990A7009BD168 /* ViewController.swift */,
				01E20CCC1C5990A7009BD168 /* Main.storyboard */,
				01E20CCF1C5990A7009BD168 /* Assets.xcassets */,
				01E20CD11C5990A7009BD168 /* LaunchScreen.storyboard */,
				01E20CD41C5990A7009BD168 /* Info.plist */,
			);
			path = AppleWatchApp1;
			sourceTree = "<group>";
		};
		01E20CDB1C5990A7009BD168 /* AppleWatchApp1 WatchKit App */ = {
			isa = PBXGroup;
			children = (
				01E20CDC1C5990A7009BD168 /* Interface.storyboard */,
				01E20CDF1C5990A7009BD168 /* Assets.xcassets */,
				01E20CE11C5990A7009BD168 /* Info.plist */,
			);
			path = "AppleWatchApp1 WatchKit App";
			sourceTree = "<group>";
		};
		01E20CEA1C5990A7009BD168 /* AppleWatchApp1 WatchKit Extension */ = {
			isa = PBXGroup;
			children = (
				01E20CED1C5990A7009BD168 /* InterfaceController.swift */,
				01E20CEF1C5990A7009BD168 /* ExtensionDelegate.swift */,
				01E20CF11C5990A7009BD168 /* NotificationController.swift */,
				01E20CF31C5990A7009BD168 /* Assets.xcassets */,
				01E20CF51C5990A8009BD168 /* Info.plist */,
				01E20CEB1C5990A7009BD168 /* Supporting Files */,
			);
			path = "AppleWatchApp1 WatchKit Extension";
			sourceTree = "<group>";
		};
		01E20CEB1C5990A7009BD168 /* Supporting Files */ = {
			isa = PBXGroup;
			children = (
				01E20CEC1C5990A7009BD168 /* PushNotificationPayload.apns */,
			);
			name = "Supporting Files";
			sourceTree = "<group>";
		};
/* End PBXGroup section */

/* Begin PBXNativeTarget section */
		01E20CC41C5990A7009BD168 /* AppleWatchApp1 */ = {
			isa = PBXNativeTarget;
			buildConfigurationList = 01E20D001C5990A8009BD168 /* Build configuration list for PBXNativeTarget "AppleWatchApp1" */;
			buildPhases = (
				01E20CC11C5990A7009BD168 /* Sources */,
				01E20CC21C5990A7009BD168 /* Frameworks */,
				01E20CC31C5990A7009BD168 /* Resources */,
				01E20CFF1C5990A8009BD168 /* Embed Watch Content */,
			);
			buildRules = (
			);
			dependencies = (
				01E20CDA1C5990A7009BD168 /* PBXTargetDependency */,
			);
			name = AppleWatchApp1;
			productName = AppleWatchApp1;
			productReference = 01E20CC51C5990A7009BD168 /* AppleWatchApp1.app */;
			productType = "com.apple.product-type.application";
		};
		01E20CD61C5990A7009BD168 /* AppleWatchApp1 WatchKit App */ = {
			isa = PBXNativeTarget;
			buildConfigurationList = 01E20CFC1C5990A8009BD168 /* Build configuration list for PBXNativeTarget "AppleWatchApp1 WatchKit App" */;
			buildPhases = (
				01E20CD51C5990A7009BD168 /* Resources */,
				01E20CFB1C5990A8009BD168 /* Embed App Extensions */,
			);
			buildRules = (
			);
			dependencies = (
				01E20CE91C5990A7009BD168 /* PBXTargetDependency */,
			);
			name = "AppleWatchApp1 WatchKit App";
			productName = "AppleWatchApp1 WatchKit App";
			productReference = 01E20CD71C5990A7009BD168 /* AppleWatchApp1 WatchKit App.app */;
			productType = "com.apple.product-type.application.watchapp2";
		};
		01E20CE51C5990A7009BD168 /* AppleWatchApp1 WatchKit Extension */ = {
			isa = PBXNativeTarget;
			buildConfigurationList = 01E20CF81C5990A8009BD168 /* Build configuration list for PBXNativeTarget "AppleWatchApp1 WatchKit Extension" */;
			buildPhases = (
				01E20CE21C5990A7009BD168 /* Sources */,
				01E20CE31C5990A7009BD168 /* Frameworks */,
				01E20CE41C5990A7009BD168 /* Resources */,
			);
			buildRules = (
			);
			dependencies = (
			);
			name = "AppleWatchApp1 WatchKit Extension";
			productName = "AppleWatchApp1 WatchKit Extension";
			productReference = 01E20CE61C5990A7009BD168 /* AppleWatchApp1 WatchKit Extension.appex */;
			productType = "com.apple.product-type.watchkit2-extension";
		};
/* End PBXNativeTarget section */

/* Begin PBXProject section */
		01E20CBD1C5990A7009BD168 /* Project object */ = {
			isa = PBXProject;
			attributes = {
				LastSwiftUpdateCheck = 0720;
				LastUpgradeCheck = 0720;
				ORGANIZATIONNAME = Nick;
				TargetAttributes = {
					01E20CC41C5990A7009BD168 = {
						CreatedOnToolsVersion = 7.2;
					};
					01E20CD61C5990A7009BD168 = {
						CreatedOnToolsVersion = 7.2;
					};
					01E20CE51C5990A7009BD168 = {
						CreatedOnToolsVersion = 7.2;
					};
				};
			};
			buildConfigurationList = 01E20CC01C5990A7009BD168 /* Build configuration list for PBXProject "AppleWatchApp1" */;
			compatibilityVersion = "Xcode 3.2";
			developmentRegion = English;
			hasScannedForEncodings = 0;
			knownRegions = (
				en,
				Base,
			);
			mainGroup = 01E20CBC1C5990A7009BD168;
			productRefGroup = 01E20CC61C5990A7009BD168 /* Products */;
			projectDirPath = "";
			projectRoot = "";
			targets = (
				01E20CC41C5990A7009BD168 /* AppleWatchApp1 */,
				01E20CD61C5990A7009BD168 /* AppleWatchApp1 WatchKit App */,
				01E20CE51C5990A7009BD168 /* AppleWatchApp1 WatchKit Extension */,
			);
		};
/* End PBXProject section */

/* Begin PBXResourcesBuildPhase section */
		01E20CC31C5990A7009BD168 /* Resources */ = {
			isa = PBXResourcesBuildPhase;
			buildActionMask = 2147483647;
			files = (
				01E20CD31C5990A7009BD168 /* LaunchScreen.storyboard in Resources */,
				01E20CD01C5990A7009BD168 /* Assets.xcassets in Resources */,
				01E20CCE1C5990A7009BD168 /* Main.storyboard in Resources */,
			);
			runOnlyForDeploymentPostprocessing = 0;
		};
		01E20CD51C5990A7009BD168 /* Resources */ = {
			isa = PBXResourcesBuildPhase;
			buildActionMask = 2147483647;
			files = (
				01E20CE01C5990A7009BD168 /* Assets.xcassets in Resources */,
				01E20CDE1C5990A7009BD168 /* Interface.storyboard in Resources */,
			);
			runOnlyForDeploymentPostprocessing = 0;
		};
		01E20CE41C5990A7009BD168 /* Resources */ = {
			isa = PBXResourcesBuildPhase;
			buildActionMask = 2147483647;
			files = (
				01E20CF41C5990A7009BD168 /* Assets.xcassets in Resources */,
			);
			runOnlyForDeploymentPostprocessing = 0;
		};
/* End PBXResourcesBuildPhase section */

/* Begin PBXSourcesBuildPhase section */
		01E20CC11C5990A7009BD168 /* Sources */ = {
			isa = PBXSourcesBuildPhase;
			buildActionMask = 2147483647;
			files = (
				01E20CCB1C5990A7009BD168 /* ViewController.swift in Sources */,
				01E20CC91C5990A7009BD168 /* AppDelegate.swift in Sources */,
			);
			runOnlyForDeploymentPostprocessing = 0;
		};
		01E20CE21C5990A7009BD168 /* Sources */ = {
			isa = PBXSourcesBuildPhase;
			buildActionMask = 2147483647;
			files = (
				01E20CF21C5990A7009BD168 /* NotificationController.swift in Sources */,
				01E20CF01C5990A7009BD168 /* ExtensionDelegate.swift in Sources */,
				01E20CEE1C5990A7009BD168 /* InterfaceController.swift in Sources */,
			);
			runOnlyForDeploymentPostprocessing = 0;
		};
/* End PBXSourcesBuildPhase section */

/* Begin PBXTargetDependency section */
		01E20CDA1C5990A7009BD168 /* PBXTargetDependency */ = {
			isa = PBXTargetDependency;
			target = 01E20CD61C5990A7009BD168 /* AppleWatchApp1 WatchKit App */;
			targetProxy = 01E20CD91C5990A7009BD168 /* PBXContainerItemProxy */;
		};
		01E20CE91C5990A7009BD168 /* PBXTargetDependency */ = {
			isa = PBXTargetDependency;
			target = 01E20CE51C5990A7009BD168 /* AppleWatchApp1 WatchKit Extension */;
			targetProxy = 01E20CE81C5990A7009BD168 /* PBXContainerItemProxy */;
		};
/* End PBXTargetDependency section */

/* Begin PBXVariantGroup section */
		01E20CCC1C5990A7009BD168 /* Main.storyboard */ = {
			isa = PBXVariantGroup;
			children = (
				01E20CCD1C5990A7009BD168 /* Base */,
			);
			name = Main.storyboard;
			sourceTree = "<group>";
		};
		01E20CD11C5990A7009BD168 /* LaunchScreen.storyboard */ = {
			isa = PBXVariantGroup;
			children = (
				01E20CD21C5990A7009BD168 /* Base */,
			);
			name = LaunchScreen.storyboard;
			sourceTree = "<group>";
		};
		01E20CDC1C5990A7009BD168 /* Interface.storyboard */ = {
			isa = PBXVariantGroup;
			children = (
				01E20CDD1C5990A7009BD168 /* Base */,
			);
			name = Interface.storyboard;
			sourceTree = "<group>";
		};
/* End PBXVariantGroup section */

/* Begin XCBuildConfiguration section */
		01E20CF61C5990A8009BD168 /* Debug */ = {
			isa = XCBuildConfiguration;
			buildSettings = {
				ALWAYS_SEARCH_USER_PATHS = NO;
				CLANG_CXX_LANGUAGE_STANDARD = "gnu++0x";
				CLANG_CXX_LIBRARY = "libc++";
				CLANG_ENABLE_MODULES = YES;
				CLANG_ENABLE_OBJC_ARC = YES;
				CLANG_WARN_BOOL_CONVERSION = YES;
				CLANG_WARN_CONSTANT_CONVERSION = YES;
				CLANG_WARN_DIRECT_OBJC_ISA_USAGE = YES_ERROR;
				CLANG_WARN_EMPTY_BODY = YES;
				CLANG_WARN_ENUM_CONVERSION = YES;
				CLANG_WARN_INT_CONVERSION = YES;
				CLANG_WARN_OBJC_ROOT_CLASS = YES_ERROR;
				CLANG_WARN_UNREACHABLE_CODE = YES;
				CLANG_WARN__DUPLICATE_METHOD_MATCH = YES;
				"CODE_SIGN_IDENTITY[sdk=iphoneos*]" = "iPhone Developer";
				COPY_PHASE_STRIP = NO;
				DEBUG_INFORMATION_FORMAT = dwarf;
				ENABLE_STRICT_OBJC_MSGSEND = YES;
				ENABLE_TESTABILITY = YES;
				GCC_C_LANGUAGE_STANDARD = gnu99;
				GCC_DYNAMIC_NO_PIC = NO;
				GCC_NO_COMMON_BLOCKS = YES;
				GCC_OPTIMIZATION_LEVEL = 0;
				GCC_PREPROCESSOR_DEFINITIONS = (
					"DEBUG=1",
					"$(inherited)",
				);
				GCC_WARN_64_TO_32_BIT_CONVERSION = YES;
				GCC_WARN_ABOUT_RETURN_TYPE = YES_ERROR;
				GCC_WARN_UNDECLARED_SELECTOR = YES;
				GCC_WARN_UNINITIALIZED_AUTOS = YES_AGGRESSIVE;
				GCC_WARN_UNUSED_FUNCTION = YES;
				GCC_WARN_UNUSED_VARIABLE = YES;
				IPHONEOS_DEPLOYMENT_TARGET = 9.2;
				MTL_ENABLE_DEBUG_INFO = YES;
				ONLY_ACTIVE_ARCH = YES;
				SDKROOT = iphoneos;
				SWIFT_OPTIMIZATION_LEVEL = "-Onone";
				TARGETED_DEVICE_FAMILY = "1,2";
			};
			name = Debug;
		};
		01E20CF71C5990A8009BD168 /* Release */ = {
			isa = XCBuildConfiguration;
			buildSettings = {
				ALWAYS_SEARCH_USER_PATHS = NO;
				CLANG_CXX_LANGUAGE_STANDARD = "gnu++0x";
				CLANG_CXX_LIBRARY = "libc++";
				CLANG_ENABLE_MODULES = YES;
				CLANG_ENABLE_OBJC_ARC = YES;
				CLANG_WARN_BOOL_CONVERSION = YES;
				CLANG_WARN_CONSTANT_CONVERSION = YES;
				CLANG_WARN_DIRECT_OBJC_ISA_USAGE = YES_ERROR;
				CLANG_WARN_EMPTY_BODY = YES;
				CLANG_WARN_ENUM_CONVERSION = YES;
				CLANG_WARN_INT_CONVERSION = YES;
				CLANG_WARN_OBJC_ROOT_CLASS = YES_ERROR;
				CLANG_WARN_UNREACHABLE_CODE = YES;
				CLANG_WARN__DUPLICATE_METHOD_MATCH = YES;
				"CODE_SIGN_IDENTITY[sdk=iphoneos*]" = "iPhone Developer";
				COPY_PHASE_STRIP = NO;
				DEBUG_INFORMATION_FORMAT = "dwarf-with-dsym";
				ENABLE_NS_ASSERTIONS = NO;
				ENABLE_STRICT_OBJC_MSGSEND = YES;
				GCC_C_LANGUAGE_STANDARD = gnu99;
				GCC_NO_COMMON_BLOCKS = YES;
				GCC_WARN_64_TO_32_BIT_CONVERSION = YES;
				GCC_WARN_ABOUT_RETURN_TYPE = YES_ERROR;
				GCC_WARN_UNDECLARED_SELECTOR = YES;
				GCC_WARN_UNINITIALIZED_AUTOS = YES_AGGRESSIVE;
				GCC_WARN_UNUSED_FUNCTION = YES;
				GCC_WARN_UNUSED_VARIABLE = YES;
				IPHONEOS_DEPLOYMENT_TARGET = 9.2;
				MTL_ENABLE_DEBUG_INFO = NO;
				SDKROOT = iphoneos;
				TARGETED_DEVICE_FAMILY = "1,2";
				VALIDATE_PRODUCT = YES;
			};
			name = Release;
		};
		01E20CF91C5990A8009BD168 /* Debug */ = {
			isa = XCBuildConfiguration;
			buildSettings = {
				INFOPLIST_FILE = "AppleWatchApp1 WatchKit Extension/Info.plist";
				LD_RUNPATH_SEARCH_PATHS = "$(inherited) @executable_path/Frameworks @executable_path/../../Frameworks";
				PRODUCT_BUNDLE_IDENTIFIER = com.nicholaspsmith.AppleWatchApp1.watchkitapp.watchkitextension;
				PRODUCT_NAME = "${TARGET_NAME}";
				SDKROOT = watchos;
				SKIP_INSTALL = YES;
				TARGETED_DEVICE_FAMILY = 4;
				WATCHOS_DEPLOYMENT_TARGET = 2.1;
			};
			name = Debug;
		};
		01E20CFA1C5990A8009BD168 /* Release */ = {
			isa = XCBuildConfiguration;
			buildSettings = {
				INFOPLIST_FILE = "AppleWatchApp1 WatchKit Extension/Info.plist";
				LD_RUNPATH_SEARCH_PATHS = "$(inherited) @executable_path/Frameworks @executable_path/../../Frameworks";
				PRODUCT_BUNDLE_IDENTIFIER = com.nicholaspsmith.AppleWatchApp1.watchkitapp.watchkitextension;
				PRODUCT_NAME = "${TARGET_NAME}";
				SDKROOT = watchos;
				SKIP_INSTALL = YES;
				TARGETED_DEVICE_FAMILY = 4;
				WATCHOS_DEPLOYMENT_TARGET = 2.1;
			};
			name = Release;
		};
		01E20CFD1C5990A8009BD168 /* Debug */ = {
			isa = XCBuildConfiguration;
			buildSettings = {
				ASSETCATALOG_COMPILER_APPICON_NAME = AppIcon;
				EMBEDDED_CONTENT_CONTAINS_SWIFT = YES;
				IBSC_MODULE = AppleWatchApp1_WatchKit_Extension;
				INFOPLIST_FILE = "AppleWatchApp1 WatchKit App/Info.plist";
				PRODUCT_BUNDLE_IDENTIFIER = com.nicholaspsmith.AppleWatchApp1.watchkitapp;
				PRODUCT_NAME = "$(TARGET_NAME)";
				SDKROOT = watchos;
				SKIP_INSTALL = YES;
				TARGETED_DEVICE_FAMILY = 4;
				WATCHOS_DEPLOYMENT_TARGET = 2.1;
			};
			name = Debug;
		};
		01E20CFE1C5990A8009BD168 /* Release */ = {
			isa = XCBuildConfiguration;
			buildSettings = {
				ASSETCATALOG_COMPILER_APPICON_NAME = AppIcon;
				EMBEDDED_CONTENT_CONTAINS_SWIFT = YES;
				IBSC_MODULE = AppleWatchApp1_WatchKit_Extension;
				INFOPLIST_FILE = "AppleWatchApp1 WatchKit App/Info.plist";
				PRODUCT_BUNDLE_IDENTIFIER = com.nicholaspsmith.AppleWatchApp1.watchkitapp;
				PRODUCT_NAME = "$(TARGET_NAME)";
				SDKROOT = watchos;
				SKIP_INSTALL = YES;
				TARGETED_DEVICE_FAMILY = 4;
				WATCHOS_DEPLOYMENT_TARGET = 2.1;
			};
			name = Release;
		};
		01E20D011C5990A8009BD168 /* Debug */ = {
			isa = XCBuildConfiguration;
			buildSettings = {
				ASSETCATALOG_COMPILER_APPICON_NAME = AppIcon;
				INFOPLIST_FILE = AppleWatchApp1/Info.plist;
				LD_RUNPATH_SEARCH_PATHS = "$(inherited) @executable_path/Frameworks";
				PRODUCT_BUNDLE_IDENTIFIER = com.nicholaspsmith.AppleWatchApp1;
				PRODUCT_NAME = "$(TARGET_NAME)";
			};
			name = Debug;
		};
		01E20D021C5990A8009BD168 /* Release */ = {
			isa = XCBuildConfiguration;
			buildSettings = {
				ASSETCATALOG_COMPILER_APPICON_NAME = AppIcon;
				INFOPLIST_FILE = AppleWatchApp1/Info.plist;
				LD_RUNPATH_SEARCH_PATHS = "$(inherited) @executable_path/Frameworks";
				PRODUCT_BUNDLE_IDENTIFIER = com.nicholaspsmith.AppleWatchApp1;
				PRODUCT_NAME = "$(TARGET_NAME)";
			};
			name = Release;
		};
/* End XCBuildConfiguration section */

/* Begin XCConfigurationList section */
		01E20CC01C5990A7009BD168 /* Build configuration list for PBXProject "AppleWatchApp1" */ = {
			isa = XCConfigurationList;
			buildConfigurations = (
				01E20CF61C5990A8009BD168 /* Debug */,
				01E20CF71C5990A8009BD168 /* Release */,
			);
			defaultConfigurationIsVisible = 0;
			defaultConfigurationName = Release;
		};
		01E20CF81C5990A8009BD168 /* Build configuration list for PBXNativeTarget "AppleWatchApp1 WatchKit Extension" */ = {
			isa = XCConfigurationList;
			buildConfigurations = (
				01E20CF91C5990A8009BD168 /* Debug */,
				01E20CFA1C5990A8009BD168 /* Release */,
			);
			defaultConfigurationIsVisible = 0;
		};
		01E20CFC1C5990A8009BD168 /* Build configuration list for PBXNativeTarget "AppleWatchApp1 WatchKit App" */ = {
			isa = XCConfigurationList;
			buildConfigurations = (
				01E20CFD1C5990A8009BD168 /* Debug */,
				01E20CFE1C5990A8009BD168 /* Release */,
			);
			defaultConfigurationIsVisible = 0;
		};
		01E20D001C5990A8009BD168 /* Build configuration list for PBXNativeTarget "AppleWatchApp1" */ = {
			isa = XCConfigurationList;
			buildConfigurations = (
				01E20D011C5990A8009BD168 /* Debug */,
				01E20D021C5990A8009BD168 /* Release */,
			);
			defaultConfigurationIsVisible = 0;
		};
/* End XCConfigurationList section */
	};
	rootObject = 01E20CBD1C5990A7009BD168 /* Project object */;
}
